github.com/DennisTheodoreNedry/Go-tools v0.0.0-20230703053354-3b6d460e1d98 h1:SWgJdyxhsmUV5ZbmVwsL/AL7mQMczIwAz0QCSr9kp6s=
github.com/DennisTheodoreNedry/Go-tools v0.0.0-20230703053354-3b6d460e1d98/go.mod h1:RGG1PykHV2JOoO66p1SnMzRi7jbUfWLM9s2Vlx4RDiA=
github.com/DennisTheodoreNedry/Go-tools v0.0.0-20230706173116-8d290e2c9782 h1:wRYMLmH0IL/41vquzpNMopr1SYLskZ9sOAeRhGXxzLs=
github.com/DennisTheodoreNedry/Go-tools v0.0.0-20230706173116-8d290e2c9782/go.mod h1:DiqqXxJuvPPoPhlYeJqCVpgBCp9yTYXENlDxJjOGPUY=
github.com/DennisTheodoreNedry/Go-tools v0.0.0-20230706181801-762717eda163 h1:7gfT0qJtYLumVQJlydZTHoYwD6AEp7t66n1w4+hba4A=
github.com/DennisTheodoreNedry/Go-tools v0.0.0-20230706181801-762717eda163/go.mod h1:Lg+5vcBzJKRT9x5ynItzhNw95G7zeS25D+NgFgeFaiM=
github.com/DennisTheodoreNedry/notify_handler v0.0.0-20220414214026-7cbc65f663ea h1:ENRxm6DdCRYiq2xVM+RHA6IPzXaeaqRa86+3l8jfpUk=
github.com/DennisTheodoreNedry/notify_handler v0.0.0-20220414214026-7cbc65f663ea/go.mod h1:QNjxlxplV4bgRq0hMkD/ssRExdUmsuqql+lRh9afWgA=
github.com/DennisTheodoreNedry/notify_handler v0.0.0-20230706175840-9ab369714294 h1:oxBND9Sx1O9EaLpItcuECm69IlcdT2TP4O6Vh8TAqTU=
github.com/DennisTheodoreNedry/notify_handler v0.0.0-20230706175840-9ab369714294/go.mod h1:ylFsSqBcuOKbMkWRvO7V+qlP2w7Qfaw5BK+eEsx/JhE=
github.com/DennisTheodoreNedry/notify_handler v0.0.0-20230706181218-ead5290ab95f h1:jQF9IePKSodS8NfVFrIZCnwM/klp/Tg3micw1sklrjY=
github.com/DennisTheodoreNedry/notify_handler v0.0.0-20230706181218-ead5290ab95f/go.mod h1:ylFsSqBcuOKbMkWRvO7V+qlP2w7Qfaw5BK+eEsx/JhE=
github.com/thanhpk/randstr v1.0.6 h1:psAOktJFD4vV9NEVb3qkhRSMvYh4ORRaj1+w/hn4B+o=
github.com/thanhpk/randstr v1.0.6/go.mod h1:M/H2P1eNLZzlDwAzpkkkUvoyNNMbzRGhESZuEQk3r0U=
